{
  "name": "Frameworkless",
  "lockfileVersion": 3,
  "requires": true,
  "packages": {
    "": {
      "dependencies": {
        "@mostly-adequate/support": "^2.0.1"
      },
      "devDependencies": {
        "typescript": "^5.7.3"
      }
    },
    "node_modules/@mostly-adequate/support": {
      "version": "2.0.1",
      "resolved": "https://registry.npmjs.org/@mostly-adequate/support/-/support-2.0.1.tgz",
      "integrity": "sha512-+16tUURaxiGFGBiYcI4Xu82UsMLSxc2F5DVGimMVkkP/tO+wRNuDPUJTW9YMY7UlHW9KQ9XRHShDEubqliy7vA==",
      "license": "MIT"
    },
    "node_modules/typescript": {
      "version": "5.7.3",
      "resolved": "https://registry.npmjs.org/typescript/-/typescript-5.7.3.tgz",
      "integrity": "sha512-84MVSjMEHP+FQRPy3pX9sTVV/INIex71s9TL2Gm5FG/WG1SqXeKyZ0k7/blY/4FdOzI12CBy1vGc4og/eus0fw==",
      "dev": true,
      "license": "Apache-2.0",
      "bin": {
        "tsc": "bin/tsc",
        "tsserver": "bin/tsserver"
      },
      "engines": {
        "node": ">=14.17"
      }
    }
  }
}
