{
  "name": "FP",
  "lockfileVersion": 3,
  "requires": true,
  "packages": {
    "": {
      "dependencies": {
        "@mostly-adequate/support": "^2.0.1",
        "lodash": "^4.17.21"
      }
    },
    "node_modules/@mostly-adequate/support": {
      "version": "2.0.1",
      "resolved": "https://registry.npmjs.org/@mostly-adequate/support/-/support-2.0.1.tgz",
      "integrity": "sha512-+16tUURaxiGFGBiYcI4Xu82UsMLSxc2F5DVGimMVkkP/tO+wRNuDPUJTW9YMY7UlHW9KQ9XRHShDEubqliy7vA==",
      "license": "MIT"
    },
    "node_modules/lodash": {
      "version": "4.17.21",
      "resolved": "https://registry.npmjs.org/lodash/-/lodash-4.17.21.tgz",
      "integrity": "sha512-v2kDEe57lecTulaDIuNTPy3Ry4gLGJ6Z1O3vE1krgXZNrsQ+LFTGHVxVjcXPs17LhbZVGedAJv8XZ1tvj5FvSg==",
      "license": "MIT"
    }
  }
}
